# @generated - this file is auto-generated by `mise lock` https://mise.jdx.dev/dev-tools/mise-lock.html

[[tools.java]]
version = "17.0.2"
backend = "core:java"

[tools.java.options]
shorthand_vendor = "openjdk"

[tools.java."platforms.linux-arm64"]
checksum = "sha256:13bfd976acf8803f862e82c7113fb0e9311ca5458b1decaef8a09ffd91119fa4"
url = "https://download.java.net/java/GA/jdk17.0.2/dfd4a8d0985749f896bed50d7138ee7f/8/GPL/openjdk-17.0.2_linux-aarch64_bin.tar.gz"

[tools.java."platforms.linux-x64"]
checksum = "sha256:0022753d0cceecacdd3a795dd4cea2bd7ffdf9dc06e22ffd1be98411742fbb44"
url = "https://download.java.net/java/GA/jdk17.0.2/dfd4a8d0985749f896bed50d7138ee7f/8/GPL/openjdk-17.0.2_linux-x64_bin.tar.gz"

[tools.java."platforms.macos-arm64"]
checksum = "sha256:602d7de72526368bb3f80d95c4427696ea639d2e0cc40455f53ff0bbb18c27c8"
url = "https://download.java.net/java/GA/jdk17.0.2/dfd4a8d0985749f896bed50d7138ee7f/8/GPL/openjdk-17.0.2_macos-aarch64_bin.tar.gz"

[tools.java."platforms.macos-x64"]
checksum = "sha256:b85c4aaf7b141825ad3a0ea34b965e45c15d5963677e9b27235aa05f65c6df06"
url = "https://download.java.net/java/GA/jdk17.0.2/dfd4a8d0985749f896bed50d7138ee7f/8/GPL/openjdk-17.0.2_macos-x64_bin.tar.gz"

[tools.java."platforms.windows-x64"]
checksum = "sha256:b2208206bda47f2e0c971a39e057a5ec32c40b503d71e486790cb728d926b615"
url = "https://download.java.net/java/GA/jdk17.0.2/dfd4a8d0985749f896bed50d7138ee7f/8/GPL/openjdk-17.0.2_windows-x64_bin.zip"

[[tools.maven]]
version = "3.9.16"
backend = "aqua:apache/maven"

[tools.maven."platforms.linux-arm64"]
checksum = "sha512:831a8591fe20c8243b1dbe7d71e3244f31d1665b0804b2e825e38cbbe5ce0cafb8338851f90780735568773e0a6cd07bbec107cda0b896b008b861075358b6f6"
url = "https://archive.apache.org/dist/maven/maven-3/3.9.16/binaries/apache-maven-3.9.16-bin.tar.gz"

[tools.maven."platforms.linux-arm64-musl"]
checksum = "sha512:831a8591fe20c8243b1dbe7d71e3244f31d1665b0804b2e825e38cbbe5ce0cafb8338851f90780735568773e0a6cd07bbec107cda0b896b008b861075358b6f6"
url = "https://archive.apache.org/dist/maven/maven-3/3.9.16/binaries/apache-maven-3.9.16-bin.tar.gz"

[tools.maven."platforms.linux-x64"]
checksum = "sha512:831a8591fe20c8243b1dbe7d71e3244f31d1665b0804b2e825e38cbbe5ce0cafb8338851f90780735568773e0a6cd07bbec107cda0b896b008b861075358b6f6"
url = "https://archive.apache.org/dist/maven/maven-3/3.9.16/binaries/apache-maven-3.9.16-bin.tar.gz"

[tools.maven."platforms.linux-x64-musl"]
checksum = "sha512:831a8591fe20c8243b1dbe7d71e3244f31d1665b0804b2e825e38cbbe5ce0cafb8338851f90780735568773e0a6cd07bbec107cda0b896b008b861075358b6f6"
url = "https://archive.apache.org/dist/maven/maven-3/3.9.16/binaries/apache-maven-3.9.16-bin.tar.gz"

[tools.maven."platforms.macos-arm64"]
checksum = "sha512:831a8591fe20c8243b1dbe7d71e3244f31d1665b0804b2e825e38cbbe5ce0cafb8338851f90780735568773e0a6cd07bbec107cda0b896b008b861075358b6f6"
url = "https://archive.apache.org/dist/maven/maven-3/3.9.16/binaries/apache-maven-3.9.16-bin.tar.gz"

[tools.maven."platforms.macos-x64"]
checksum = "sha512:831a8591fe20c8243b1dbe7d71e3244f31d1665b0804b2e825e38cbbe5ce0cafb8338851f90780735568773e0a6cd07bbec107cda0b896b008b861075358b6f6"
url = "https://archive.apache.org/dist/maven/maven-3/3.9.16/binaries/apache-maven-3.9.16-bin.tar.gz"

[tools.maven."platforms.windows-x64"]
checksum = "sha512:831a8591fe20c8243b1dbe7d71e3244f31d1665b0804b2e825e38cbbe5ce0cafb8338851f90780735568773e0a6cd07bbec107cda0b896b008b861075358b6f6"
url = "https://archive.apache.org/dist/maven/maven-3/3.9.16/binaries/apache-maven-3.9.16-bin.tar.gz"

[[tools.postgres]]
version = "17.6"
backend = "vfox:mise-plugins/vfox-postgres"

[tools.postgres."platforms.linux-arm64"]
url = "https://ftp.postgresql.org/pub/source/v17.6/postgresql-17.6.tar.gz"

[tools.postgres."platforms.linux-arm64-musl"]
url = "https://ftp.postgresql.org/pub/source/v17.6/postgresql-17.6.tar.gz"

[tools.postgres."platforms.linux-x64"]
url = "https://ftp.postgresql.org/pub/source/v17.6/postgresql-17.6.tar.gz"

[tools.postgres."platforms.linux-x64-musl"]
url = "https://ftp.postgresql.org/pub/source/v17.6/postgresql-17.6.tar.gz"

[tools.postgres."platforms.macos-arm64"]
url = "https://ftp.postgresql.org/pub/source/v17.6/postgresql-17.6.tar.gz"

[tools.postgres."platforms.macos-x64"]
url = "https://ftp.postgresql.org/pub/source/v17.6/postgresql-17.6.tar.gz"

[tools.postgres."platforms.windows-x64"]
url = "https://ftp.postgresql.org/pub/source/v17.6/postgresql-17.6.tar.gz"

[[tools.tomcat]]
version = "10.1.59"
backend = "aqua:apache/tomcat"

[tools.tomcat."platforms.linux-arm64"]
checksum = "sha512:992a8e88fc9c0338445f018a1e4a2757c9e71708dba795e2864c9b1613f2b3b9b19c048e787682deae6d6bff9971defc746e31282085d52ef1d32192e09f7a0f"
url = "https://archive.apache.org/dist/tomcat/tomcat-10/v10.1.59/bin/apache-tomcat-10.1.59.tar.gz"

[tools.tomcat."platforms.linux-arm64-musl"]
checksum = "sha512:992a8e88fc9c0338445f018a1e4a2757c9e71708dba795e2864c9b1613f2b3b9b19c048e787682deae6d6bff9971defc746e31282085d52ef1d32192e09f7a0f"
url = "https://archive.apache.org/dist/tomcat/tomcat-10/v10.1.59/bin/apache-tomcat-10.1.59.tar.gz"

[tools.tomcat."platforms.linux-x64"]
checksum = "sha512:992a8e88fc9c0338445f018a1e4a2757c9e71708dba795e2864c9b1613f2b3b9b19c048e787682deae6d6bff9971defc746e31282085d52ef1d32192e09f7a0f"
url = "https://archive.apache.org/dist/tomcat/tomcat-10/v10.1.59/bin/apache-tomcat-10.1.59.tar.gz"

[tools.tomcat."platforms.linux-x64-musl"]
checksum = "sha512:992a8e88fc9c0338445f018a1e4a2757c9e71708dba795e2864c9b1613f2b3b9b19c048e787682deae6d6bff9971defc746e31282085d52ef1d32192e09f7a0f"
url = "https://archive.apache.org/dist/tomcat/tomcat-10/v10.1.59/bin/apache-tomcat-10.1.59.tar.gz"

[tools.tomcat."platforms.macos-arm64"]
checksum = "sha512:992a8e88fc9c0338445f018a1e4a2757c9e71708dba795e2864c9b1613f2b3b9b19c048e787682deae6d6bff9971defc746e31282085d52ef1d32192e09f7a0f"
url = "https://archive.apache.org/dist/tomcat/tomcat-10/v10.1.59/bin/apache-tomcat-10.1.59.tar.gz"

[tools.tomcat."platforms.macos-x64"]
checksum = "sha512:992a8e88fc9c0338445f018a1e4a2757c9e71708dba795e2864c9b1613f2b3b9b19c048e787682deae6d6bff9971defc746e31282085d52ef1d32192e09f7a0f"
url = "https://archive.apache.org/dist/tomcat/tomcat-10/v10.1.59/bin/apache-tomcat-10.1.59.tar.gz"

[tools.tomcat."platforms.windows-x64"]
checksum = "sha512:992a8e88fc9c0338445f018a1e4a2757c9e71708dba795e2864c9b1613f2b3b9b19c048e787682deae6d6bff9971defc746e31282085d52ef1d32192e09f7a0f"
url = "https://archive.apache.org/dist/tomcat/tomcat-10/v10.1.59/bin/apache-tomcat-10.1.59.tar.gz"
